
Microsoft Visual Studio Solution File, Format Version 12.00
# Visual Studio Version 17
VisualStudioVersion = 17.4.33213.308
MinimumVisualStudioVersion = 10.0.40219.1
Project("{9A19103F-16F7-4668-BE54-9A1E7A4F7556}") = "TheGrid.Api", "TheGrid.Api\TheGrid.Api.csproj", "{17B79226-272C-40D7-AE69-83CA70F92A7A}"
EndProject
Project("{FAE04EC0-301F-11D3-BF4B-00C04F79EFBC}") = "TheGrid.QueryRunners", "TheGrid.QueryRunners\TheGrid.QueryRunners.csproj", "{50DB72B7-1DBF-41E8-B286-0071EB36A02D}"
EndProject
Global
	GlobalSection(SolutionConfigurationPlatforms) = preSolution
		Debug|Any CPU = Debug|Any CPU
		Release|Any CPU = Release|Any CPU
	EndGlobalSection
	GlobalSection(ProjectConfigurationPlatforms) = postSolution
		{17B79226-272C-40D7-AE69-83CA70F92A7A}.Debug|Any CPU.ActiveCfg = Debug|Any CPU
		{17B79226-272C-40D7-AE69-83CA70F92A7A}.Debug|Any CPU.Build.0 = Debug|Any CPU
		{17B79226-272C-40D7-AE69-83CA70F92A7A}.Release|Any CPU.ActiveCfg = Release|Any CPU
		{17B79226-272C-40D7-AE69-83CA70F92A7A}.Release|Any CPU.Build.0 = Release|Any CPU
		{50DB72B7-1DBF-41E8-B286-0071EB36A02D}.Debug|Any CPU.ActiveCfg = Debug|Any CPU
		{50DB72B7-1DBF-41E8-B286-0071EB36A02D}.Debug|Any CPU.Build.0 = Debug|Any CPU
		{50DB72B7-1DBF-41E8-B286-0071EB36A02D}.Release|Any CPU.ActiveCfg = Release|Any CPU
		{50DB72B7-1DBF-41E8-B286-0071EB36A02D}.Release|Any CPU.Build.0 = Release|Any CPU
	EndGlobalSection
	GlobalSection(SolutionProperties) = preSolution
		HideSolutionNode = FALSE
	EndGlobalSection
	GlobalSection(ExtensibilityGlobals) = postSolution
		SolutionGuid = {B47BC8D3-4D25-49B8-8646-D1A69B540949}
	EndGlobalSection
EndGlobal
