
Microsoft Visual Studio Solution File, Format Version 12.00
# Visual Studio Version 17
VisualStudioVersion = 17.4.33213.308
MinimumVisualStudioVersion = 10.0.40219.1
Project("{9A19103F-16F7-4668-BE54-9A1E7A4F7556}") = "TheGrid.Server", "TheGrid.Server\TheGrid.Server.csproj", "{17B79226-272C-40D7-AE69-83CA70F92A7A}"
EndProject
Project("{9A19103F-16F7-4668-BE54-9A1E7A4F7556}") = "TheGrid.Connectors", "TheGrid.Connectors\TheGrid.Connectors.csproj", "{50DB72B7-1DBF-41E8-B286-0071EB36A02D}"
EndProject
Project("{9A19103F-16F7-4668-BE54-9A1E7A4F7556}") = "TheGrid.Shared", "TheGrid.Shared\TheGrid.Shared.csproj", "{01543EC6-F7BF-40FD-B56A-71C2C88250C7}"
EndProject
Project("{2150E333-8FDC-42A3-9474-1A3956D46DE8}") = "Tests", "Tests", "{774D035D-7A8F-49C0-A577-0B4B540B7A24}"
EndProject
Project("{9A19103F-16F7-4668-BE54-9A1E7A4F7556}") = "TheGrid.Tests.Connectors", "tests\TheGrid.Tests.Connectors\TheGrid.Tests.Connectors.csproj", "{51B382DE-C79C-4ABB-A6C6-5B41BAC9919B}"
EndProject
Project("{9A19103F-16F7-4668-BE54-9A1E7A4F7556}") = "TheGrid.Services", "TheGrid.Services\TheGrid.Services.csproj", "{E921BA7C-5938-4FB7-B48F-F25305D4D433}"
EndProject
Project("{9A19103F-16F7-4668-BE54-9A1E7A4F7556}") = "TheGrid.Models", "TheGrid.Models\TheGrid.Models.csproj", "{A6C79963-152F-4AE3-81BF-1B6BD5A24FF3}"
EndProject
Project("{2150E333-8FDC-42A3-9474-1A3956D46DE8}") = "Solution Items", "Solution Items", "{50B36448-6A56-4689-83ED-34194592DA39}"
	ProjectSection(SolutionItems) = preProject
		.editorconfig = .editorconfig
		CodeCoverage.runsettings = CodeCoverage.runsettings
		Directory.build.props = Directory.build.props
		Dockerfile = Dockerfile
		..\README.md = ..\README.md
		stylecop.json = stylecop.json
	EndProjectSection
EndProject
Project("{9A19103F-16F7-4668-BE54-9A1E7A4F7556}") = "TheGrid.Data", "TheGrid.Data\TheGrid.Data.csproj", "{4D758B6C-5410-4CDB-A58E-0CBA7D19988B}"
EndProject
Project("{2150E333-8FDC-42A3-9474-1A3956D46DE8}") = "Database Providers", "Database Providers", "{003B3AED-ACFC-4B9A-90FD-195E056BEEA8}"
EndProject
Project("{9A19103F-16F7-4668-BE54-9A1E7A4F7556}") = "TheGrid.Postgres", "TheGrid.Postgres\TheGrid.Postgres.csproj", "{D3D0D416-A8FF-489F-8AFA-A50727CE62F7}"
EndProject
Project("{9A19103F-16F7-4668-BE54-9A1E7A4F7556}") = "TheGrid.Client", "TheGrid.Client\TheGrid.Client.csproj", "{52AA27C8-FBD6-42DE-A472-C2600F7EA08E}"
EndProject
Project("{9A19103F-16F7-4668-BE54-9A1E7A4F7556}") = "TheGrid.Tests.Shared", "tests\TheGrid.Tests.Shared\TheGrid.Tests.Shared.csproj", "{4EBC77E3-BDCF-4D80-AB11-17F8FCBD5D25}"
EndProject
Project("{9A19103F-16F7-4668-BE54-9A1E7A4F7556}") = "TheGrid.Tests.Services", "tests\TheGrid.Tests.Services\TheGrid.Tests.Services.csproj", "{D1DCFB8E-5164-4957-ABED-00B8450F4531}"
EndProject
Project("{9A19103F-16F7-4668-BE54-9A1E7A4F7556}") = "TheGrid.Sqlite", "TheGrid.Sqlite\TheGrid.Sqlite.csproj", "{6D451C39-FE6D-45AC-B492-62B4B0B6CC21}"
EndProject
Project("{9A19103F-16F7-4668-BE54-9A1E7A4F7556}") = "TheGrid.TestHelpers", "tests\TheGrid.TestHelpers\TheGrid.TestHelpers.csproj", "{FD4623D8-C262-4612-8EE7-D07F2C24B78C}"
EndProject
Project("{E53339B2-1760-4266-BCC7-CA923CBCF16C}") = "docker-compose", "docker-compose.dcproj", "{9A9C5760-EBE5-4089-A2D6-7D9FCE25A970}"
EndProject
Project("{9A19103F-16F7-4668-BE54-9A1E7A4F7556}") = "TheGrid.Tests.Client", "tests\TheGrid.Tests.Client\TheGrid.Tests.Client.csproj", "{F2244BC9-4B8B-41BC-9033-9AC900FBA1E5}"
EndProject
Project("{9A19103F-16F7-4668-BE54-9A1E7A4F7556}") = "TheGrid.Tests.Server", "tests\TheGrid.Tests.Server\TheGrid.Tests.Server.csproj", "{B211FDD5-7B3E-4B9A-94CF-9333AD37AB43}"
EndProject
Global
	GlobalSection(SolutionConfigurationPlatforms) = preSolution
		Debug|Any CPU = Debug|Any CPU
		Release|Any CPU = Release|Any CPU
	EndGlobalSection
	GlobalSection(ProjectConfigurationPlatforms) = postSolution
		{17B79226-272C-40D7-AE69-83CA70F92A7A}.Debug|Any CPU.ActiveCfg = Debug|Any CPU
		{17B79226-272C-40D7-AE69-83CA70F92A7A}.Debug|Any CPU.Build.0 = Debug|Any CPU
		{17B79226-272C-40D7-AE69-83CA70F92A7A}.Release|Any CPU.ActiveCfg = Release|Any CPU
		{17B79226-272C-40D7-AE69-83CA70F92A7A}.Release|Any CPU.Build.0 = Release|Any CPU
		{50DB72B7-1DBF-41E8-B286-0071EB36A02D}.Debug|Any CPU.ActiveCfg = Debug|Any CPU
		{50DB72B7-1DBF-41E8-B286-0071EB36A02D}.Debug|Any CPU.Build.0 = Debug|Any CPU
		{50DB72B7-1DBF-41E8-B286-0071EB36A02D}.Release|Any CPU.ActiveCfg = Release|Any CPU
		{50DB72B7-1DBF-41E8-B286-0071EB36A02D}.Release|Any CPU.Build.0 = Release|Any CPU
		{01543EC6-F7BF-40FD-B56A-71C2C88250C7}.Debug|Any CPU.ActiveCfg = Debug|Any CPU
		{01543EC6-F7BF-40FD-B56A-71C2C88250C7}.Debug|Any CPU.Build.0 = Debug|Any CPU
		{01543EC6-F7BF-40FD-B56A-71C2C88250C7}.Release|Any CPU.ActiveCfg = Release|Any CPU
		{01543EC6-F7BF-40FD-B56A-71C2C88250C7}.Release|Any CPU.Build.0 = Release|Any CPU
		{51B382DE-C79C-4ABB-A6C6-5B41BAC9919B}.Debug|Any CPU.ActiveCfg = Debug|Any CPU
		{51B382DE-C79C-4ABB-A6C6-5B41BAC9919B}.Debug|Any CPU.Build.0 = Debug|Any CPU
		{51B382DE-C79C-4ABB-A6C6-5B41BAC9919B}.Release|Any CPU.ActiveCfg = Release|Any CPU
		{51B382DE-C79C-4ABB-A6C6-5B41BAC9919B}.Release|Any CPU.Build.0 = Release|Any CPU
		{E921BA7C-5938-4FB7-B48F-F25305D4D433}.Debug|Any CPU.ActiveCfg = Debug|Any CPU
		{E921BA7C-5938-4FB7-B48F-F25305D4D433}.Debug|Any CPU.Build.0 = Debug|Any CPU
		{E921BA7C-5938-4FB7-B48F-F25305D4D433}.Release|Any CPU.ActiveCfg = Release|Any CPU
		{E921BA7C-5938-4FB7-B48F-F25305D4D433}.Release|Any CPU.Build.0 = Release|Any CPU
		{A6C79963-152F-4AE3-81BF-1B6BD5A24FF3}.Debug|Any CPU.ActiveCfg = Debug|Any CPU
		{A6C79963-152F-4AE3-81BF-1B6BD5A24FF3}.Debug|Any CPU.Build.0 = Debug|Any CPU
		{A6C79963-152F-4AE3-81BF-1B6BD5A24FF3}.Release|Any CPU.ActiveCfg = Release|Any CPU
		{A6C79963-152F-4AE3-81BF-1B6BD5A24FF3}.Release|Any CPU.Build.0 = Release|Any CPU
		{4D758B6C-5410-4CDB-A58E-0CBA7D19988B}.Debug|Any CPU.ActiveCfg = Debug|Any CPU
		{4D758B6C-5410-4CDB-A58E-0CBA7D19988B}.Debug|Any CPU.Build.0 = Debug|Any CPU
		{4D758B6C-5410-4CDB-A58E-0CBA7D19988B}.Release|Any CPU.ActiveCfg = Release|Any CPU
		{4D758B6C-5410-4CDB-A58E-0CBA7D19988B}.Release|Any CPU.Build.0 = Release|Any CPU
		{D3D0D416-A8FF-489F-8AFA-A50727CE62F7}.Debug|Any CPU.ActiveCfg = Debug|Any CPU
		{D3D0D416-A8FF-489F-8AFA-A50727CE62F7}.Debug|Any CPU.Build.0 = Debug|Any CPU
		{D3D0D416-A8FF-489F-8AFA-A50727CE62F7}.Release|Any CPU.ActiveCfg = Release|Any CPU
		{D3D0D416-A8FF-489F-8AFA-A50727CE62F7}.Release|Any CPU.Build.0 = Release|Any CPU
		{52AA27C8-FBD6-42DE-A472-C2600F7EA08E}.Debug|Any CPU.ActiveCfg = Debug|Any CPU
		{52AA27C8-FBD6-42DE-A472-C2600F7EA08E}.Debug|Any CPU.Build.0 = Debug|Any CPU
		{52AA27C8-FBD6-42DE-A472-C2600F7EA08E}.Release|Any CPU.ActiveCfg = Release|Any CPU
		{52AA27C8-FBD6-42DE-A472-C2600F7EA08E}.Release|Any CPU.Build.0 = Release|Any CPU
		{4EBC77E3-BDCF-4D80-AB11-17F8FCBD5D25}.Debug|Any CPU.ActiveCfg = Debug|Any CPU
		{4EBC77E3-BDCF-4D80-AB11-17F8FCBD5D25}.Debug|Any CPU.Build.0 = Debug|Any CPU
		{4EBC77E3-BDCF-4D80-AB11-17F8FCBD5D25}.Release|Any CPU.ActiveCfg = Release|Any CPU
		{4EBC77E3-BDCF-4D80-AB11-17F8FCBD5D25}.Release|Any CPU.Build.0 = Release|Any CPU
		{D1DCFB8E-5164-4957-ABED-00B8450F4531}.Debug|Any CPU.ActiveCfg = Debug|Any CPU
		{D1DCFB8E-5164-4957-ABED-00B8450F4531}.Debug|Any CPU.Build.0 = Debug|Any CPU
		{D1DCFB8E-5164-4957-ABED-00B8450F4531}.Release|Any CPU.ActiveCfg = Release|Any CPU
		{D1DCFB8E-5164-4957-ABED-00B8450F4531}.Release|Any CPU.Build.0 = Release|Any CPU
		{6D451C39-FE6D-45AC-B492-62B4B0B6CC21}.Debug|Any CPU.ActiveCfg = Debug|Any CPU
		{6D451C39-FE6D-45AC-B492-62B4B0B6CC21}.Debug|Any CPU.Build.0 = Debug|Any CPU
		{6D451C39-FE6D-45AC-B492-62B4B0B6CC21}.Release|Any CPU.ActiveCfg = Release|Any CPU
		{6D451C39-FE6D-45AC-B492-62B4B0B6CC21}.Release|Any CPU.Build.0 = Release|Any CPU
		{FD4623D8-C262-4612-8EE7-D07F2C24B78C}.Debug|Any CPU.ActiveCfg = Debug|Any CPU
		{FD4623D8-C262-4612-8EE7-D07F2C24B78C}.Debug|Any CPU.Build.0 = Debug|Any CPU
		{FD4623D8-C262-4612-8EE7-D07F2C24B78C}.Release|Any CPU.ActiveCfg = Release|Any CPU
		{FD4623D8-C262-4612-8EE7-D07F2C24B78C}.Release|Any CPU.Build.0 = Release|Any CPU
		{9A9C5760-EBE5-4089-A2D6-7D9FCE25A970}.Debug|Any CPU.ActiveCfg = Debug|Any CPU
		{9A9C5760-EBE5-4089-A2D6-7D9FCE25A970}.Debug|Any CPU.Build.0 = Debug|Any CPU
		{9A9C5760-EBE5-4089-A2D6-7D9FCE25A970}.Release|Any CPU.ActiveCfg = Release|Any CPU
		{9A9C5760-EBE5-4089-A2D6-7D9FCE25A970}.Release|Any CPU.Build.0 = Release|Any CPU
		{F2244BC9-4B8B-41BC-9033-9AC900FBA1E5}.Debug|Any CPU.ActiveCfg = Debug|Any CPU
		{F2244BC9-4B8B-41BC-9033-9AC900FBA1E5}.Debug|Any CPU.Build.0 = Debug|Any CPU
		{F2244BC9-4B8B-41BC-9033-9AC900FBA1E5}.Release|Any CPU.ActiveCfg = Release|Any CPU
		{F2244BC9-4B8B-41BC-9033-9AC900FBA1E5}.Release|Any CPU.Build.0 = Release|Any CPU
		{B211FDD5-7B3E-4B9A-94CF-9333AD37AB43}.Debug|Any CPU.ActiveCfg = Debug|Any CPU
		{B211FDD5-7B3E-4B9A-94CF-9333AD37AB43}.Debug|Any CPU.Build.0 = Debug|Any CPU
		{B211FDD5-7B3E-4B9A-94CF-9333AD37AB43}.Release|Any CPU.ActiveCfg = Release|Any CPU
		{B211FDD5-7B3E-4B9A-94CF-9333AD37AB43}.Release|Any CPU.Build.0 = Release|Any CPU
	EndGlobalSection
	GlobalSection(SolutionProperties) = preSolution
		HideSolutionNode = FALSE
	EndGlobalSection
	GlobalSection(NestedProjects) = preSolution
		{51B382DE-C79C-4ABB-A6C6-5B41BAC9919B} = {774D035D-7A8F-49C0-A577-0B4B540B7A24}
		{D3D0D416-A8FF-489F-8AFA-A50727CE62F7} = {003B3AED-ACFC-4B9A-90FD-195E056BEEA8}
		{4EBC77E3-BDCF-4D80-AB11-17F8FCBD5D25} = {774D035D-7A8F-49C0-A577-0B4B540B7A24}
		{D1DCFB8E-5164-4957-ABED-00B8450F4531} = {774D035D-7A8F-49C0-A577-0B4B540B7A24}
		{6D451C39-FE6D-45AC-B492-62B4B0B6CC21} = {003B3AED-ACFC-4B9A-90FD-195E056BEEA8}
		{FD4623D8-C262-4612-8EE7-D07F2C24B78C} = {774D035D-7A8F-49C0-A577-0B4B540B7A24}
		{F2244BC9-4B8B-41BC-9033-9AC900FBA1E5} = {774D035D-7A8F-49C0-A577-0B4B540B7A24}
		{B211FDD5-7B3E-4B9A-94CF-9333AD37AB43} = {774D035D-7A8F-49C0-A577-0B4B540B7A24}
	EndGlobalSection
	GlobalSection(ExtensibilityGlobals) = postSolution
		SolutionGuid = {B47BC8D3-4D25-49B8-8646-D1A69B540949}
	EndGlobalSection
EndGlobal
